
Microsoft Visual Studio Solution File, Format Version 12.00
# Visual Studio 15
VisualStudioVersion = 15.0.27703.2047
MinimumVisualStudioVersion = 10.0.40219.1
Project("{8BC9CEB8-8B4A-11D0-8D11-00A0C91BC942}") = "Legends", "Legends.vcxproj", "{00327BA1-87EA-4839-A483-6119148E0A39}"
EndProject
Global
	GlobalSection(SolutionConfigurationPlatforms) = preSolution
		Debug|x64 = Debug|x64
		Debug|x86 = Debug|x86
		Release|x64 = Release|x64
		Release|x86 = Release|x86
	EndGlobalSection
	GlobalSection(ProjectConfigurationPlatforms) = postSolution
		{00327BA1-87EA-4839-A483-6119148E0A39}.Debug|x64.ActiveCfg = Debug|x64
		{00327BA1-87EA-4839-A483-6119148E0A39}.Debug|x64.Build.0 = Debug|x64
		{00327BA1-87EA-4839-A483-6119148E0A39}.Debug|x86.ActiveCfg = Debug|Win32
		{00327BA1-87EA-4839-A483-6119148E0A39}.Debug|x86.Build.0 = Debug|Win32
		{00327BA1-87EA-4839-A483-6119148E0A39}.Release|x64.ActiveCfg = Release|x64
		{00327BA1-87EA-4839-A483-6119148E0A39}.Release|x64.Build.0 = Release|x64
		{00327BA1-87EA-4839-A483-6119148E0A39}.Release|x86.ActiveCfg = Release|Win32
		{00327BA1-87EA-4839-A483-6119148E0A39}.Release|x86.Build.0 = Release|Win32
	EndGlobalSection
	GlobalSection(SolutionProperties) = preSolution
		HideSolutionNode = FALSE
	EndGlobalSection
	GlobalSection(ExtensibilityGlobals) = postSolution
		SolutionGuid = {40C848DB-C7E4-4FA5-B6DA-40F299DF6EAD}
	EndGlobalSection
EndGlobal
